// !$*UTF8*$!
{
	archiveVersion = 1;
	classes = {
	};
	objectVersion = 46;
	objects = {

/* Begin PBXBuildFile section */
		78C32B3B1A4BB4E8001DAA8D /* FacebookSDK.framework in Frameworks */ = {isa = PBXBuildFile; fileRef = 78C32B3A1A4BB4E8001DAA8D /* FacebookSDK.framework */; };
		78C32B3C1A4BB4ED001DAA8D /* FacebookSDK.framework in Frameworks */ = {isa = PBXBuildFile; fileRef = 78C32B3A1A4BB4E8001DAA8D /* FacebookSDK.framework */; };
		78CE39451A4B65C800D7FABC /* AppDelegate.swift in Sources */ = {isa = PBXBuildFile; fileRef = 78CE39441A4B65C800D7FABC /* AppDelegate.swift */; };
		78CE39481A4B65C800D7FABC /* mvt_ios.xcdatamodeld in Sources */ = {isa = PBXBuildFile; fileRef = 78CE39461A4B65C800D7FABC /* mvt_ios.xcdatamodeld */; };
		78CE394A1A4B65C800D7FABC /* ViewController.swift in Sources */ = {isa = PBXBuildFile; fileRef = 78CE39491A4B65C800D7FABC /* ViewController.swift */; };
		78CE394D1A4B65C800D7FABC /* Main.storyboard in Resources */ = {isa = PBXBuildFile; fileRef = 78CE394B1A4B65C800D7FABC /* Main.storyboard */; };
		78CE394F1A4B65C800D7FABC /* Images.xcassets in Resources */ = {isa = PBXBuildFile; fileRef = 78CE394E1A4B65C800D7FABC /* Images.xcassets */; };
		78CE39521A4B65C800D7FABC /* LaunchScreen.xib in Resources */ = {isa = PBXBuildFile; fileRef = 78CE39501A4B65C800D7FABC /* LaunchScreen.xib */; };
		78CE395E1A4B65C800D7FABC /* mvt_iosTests.swift in Sources */ = {isa = PBXBuildFile; fileRef = 78CE395D1A4B65C800D7FABC /* mvt_iosTests.swift */; };
/* End PBXBuildFile section */

/* Begin PBXContainerItemProxy section */
		78CE39581A4B65C800D7FABC /* PBXContainerItemProxy */ = {
			isa = PBXContainerItemProxy;
			containerPortal = 78CE39371A4B65C800D7FABC /* Project object */;
			proxyType = 1;
			remoteGlobalIDString = 78CE393E1A4B65C800D7FABC;
			remoteInfo = "mvt-ios";
		};
/* End PBXContainerItemProxy section */

/* Begin PBXFileReference section */
		78C32B3A1A4BB4E8001DAA8D /* FacebookSDK.framework */ = {isa = PBXFileReference; lastKnownFileType = wrapper.framework; name = FacebookSDK.framework; path = ../../../../Documents/FacebookSDK/FacebookSDK.framework; sourceTree = "<group>"; };
		78CE393F1A4B65C800D7FABC /* mvt-ios.app */ = {isa = PBXFileReference; explicitFileType = wrapper.application; includeInIndex = 0; path = "mvt-ios.app"; sourceTree = BUILT_PRODUCTS_DIR; };
		78CE39431A4B65C800D7FABC /* Info.plist */ = {isa = PBXFileReference; lastKnownFileType = text.plist.xml; path = Info.plist; sourceTree = "<group>"; };
		78CE39441A4B65C800D7FABC /* AppDelegate.swift */ = {isa = PBXFileReference; lastKnownFileType = sourcecode.swift; path = AppDelegate.swift; sourceTree = "<group>"; };
		78CE39471A4B65C800D7FABC /* mvt_ios.xcdatamodel */ = {isa = PBXFileReference; lastKnownFileType = wrapper.xcdatamodel; path = mvt_ios.xcdatamodel; sourceTree = "<group>"; };
		78CE39491A4B65C800D7FABC /* ViewController.swift */ = {isa = PBXFileReference; lastKnownFileType = sourcecode.swift; path = ViewController.swift; sourceTree = "<group>"; };
		78CE394C1A4B65C800D7FABC /* Base */ = {isa = PBXFileReference; lastKnownFileType = file.storyboard; name = Base; path = Base.lproj/Main.storyboard; sourceTree = "<group>"; };
		78CE394E1A4B65C800D7FABC /* Images.xcassets */ = {isa = PBXFileReference; lastKnownFileType = folder.assetcatalog; path = Images.xcassets; sourceTree = "<group>"; };
		78CE39511A4B65C800D7FABC /* Base */ = {isa = PBXFileReference; lastKnownFileType = file.xib; name = Base; path = Base.lproj/LaunchScreen.xib; sourceTree = "<group>"; };
		78CE39571A4B65C800D7FABC /* mvt-iosTests.xctest */ = {isa = PBXFileReference; explicitFileType = wrapper.cfbundle; includeInIndex = 0; path = "mvt-iosTests.xctest"; sourceTree = BUILT_PRODUCTS_DIR; };
		78CE395C1A4B65C800D7FABC /* Info.plist */ = {isa = PBXFileReference; lastKnownFileType = text.plist.xml; path = Info.plist; sourceTree = "<group>"; };
		78CE395D1A4B65C800D7FABC /* mvt_iosTests.swift */ = {isa = PBXFileReference; lastKnownFileType = sourcecode.swift; path = mvt_iosTests.swift; sourceTree = "<group>"; };
		78CE39691A4B6A7C00D7FABC /* Bridge-Header.h */ = {isa = PBXFileReference; fileEncoding = 4; lastKnownFileType = sourcecode.c.h; path = "Bridge-Header.h"; sourceTree = "<group>"; };
/* End PBXFileReference section */

/* Begin PBXFrameworksBuildPhase section */
		78CE393C1A4B65C800D7FABC /* Frameworks */ = {
			isa = PBXFrameworksBuildPhase;
			buildActionMask = 2147483647;
			files = (
				78C32B3B1A4BB4E8001DAA8D /* FacebookSDK.framework in Frameworks */,
			);
			runOnlyForDeploymentPostprocessing = 0;
		};
		78CE39541A4B65C800D7FABC /* Frameworks */ = {
			isa = PBXFrameworksBuildPhase;
			buildActionMask = 2147483647;
			files = (
				78C32B3C1A4BB4ED001DAA8D /* FacebookSDK.framework in Frameworks */,
			);
			runOnlyForDeploymentPostprocessing = 0;
		};
/* End PBXFrameworksBuildPhase section */

/* Begin PBXGroup section */
		78CE39361A4B65C800D7FABC = {
			isa = PBXGroup;
			children = (
				78C32B3A1A4BB4E8001DAA8D /* FacebookSDK.framework */,
				78CE39411A4B65C800D7FABC /* mvt-ios */,
				78CE395A1A4B65C800D7FABC /* mvt-iosTests */,
				78CE39401A4B65C800D7FABC /* Products */,
			);
			sourceTree = "<group>";
		};
		78CE39401A4B65C800D7FABC /* Products */ = {
			isa = PBXGroup;
			children = (
				78CE393F1A4B65C800D7FABC /* mvt-ios.app */,
				78CE39571A4B65C800D7FABC /* mvt-iosTests.xctest */,
			);
			name = Products;
			sourceTree = "<group>";
		};
		78CE39411A4B65C800D7FABC /* mvt-ios */ = {
			isa = PBXGroup;
			children = (
				78CE39691A4B6A7C00D7FABC /* Bridge-Header.h */,
				78CE39441A4B65C800D7FABC /* AppDelegate.swift */,
				78CE39491A4B65C800D7FABC /* ViewController.swift */,
				78CE394B1A4B65C800D7FABC /* Main.storyboard */,
				78CE394E1A4B65C800D7FABC /* Images.xcassets */,
				78CE39501A4B65C800D7FABC /* LaunchScreen.xib */,
				78CE39461A4B65C800D7FABC /* mvt_ios.xcdatamodeld */,
				78CE39421A4B65C800D7FABC /* Supporting Files */,
			);
			path = "mvt-ios";
			sourceTree = "<group>";
		};
		78CE39421A4B65C800D7FABC /* Supporting Files */ = {
			isa = PBXGroup;
			children = (
				78CE39431A4B65C800D7FABC /* Info.plist */,
			);
			name = "Supporting Files";
			sourceTree = "<group>";
		};
		78CE395A1A4B65C800D7FABC /* mvt-iosTests */ = {
			isa = PBXGroup;
			children = (
				78CE395D1A4B65C800D7FABC /* mvt_iosTests.swift */,
				78CE395B1A4B65C800D7FABC /* Supporting Files */,
			);
			path = "mvt-iosTests";
			sourceTree = "<group>";
		};
		78CE395B1A4B65C800D7FABC /* Supporting Files */ = {
			isa = PBXGroup;
			children = (
				78CE395C1A4B65C800D7FABC /* Info.plist */,
			);
			name = "Supporting Files";
			sourceTree = "<group>";
		};
/* End PBXGroup section */

/* Begin PBXNativeTarget section */
		78CE393E1A4B65C800D7FABC /* mvt-ios */ = {
			isa = PBXNativeTarget;
			buildConfigurationList = 78CE39611A4B65C800D7FABC /* Build configuration list for PBXNativeTarget "mvt-ios" */;
			buildPhases = (
				78CE393B1A4B65C800D7FABC /* Sources */,
				78CE393C1A4B65C800D7FABC /* Frameworks */,
				78CE393D1A4B65C800D7FABC /* Resources */,
			);
			buildRules = (
			);
			dependencies = (
			);
			name = "mvt-ios";
			productName = "mvt-ios";
			productReference = 78CE393F1A4B65C800D7FABC /* mvt-ios.app */;
			productType = "com.apple.product-type.application";
		};
		78CE39561A4B65C800D7FABC /* mvt-iosTests */ = {
			isa = PBXNativeTarget;
			buildConfigurationList = 78CE39641A4B65C800D7FABC /* Build configuration list for PBXNativeTarget "mvt-iosTests" */;
			buildPhases = (
				78CE39531A4B65C800D7FABC /* Sources */,
				78CE39541A4B65C800D7FABC /* Frameworks */,
				78CE39551A4B65C800D7FABC /* Resources */,
			);
			buildRules = (
			);
			dependencies = (
				78CE39591A4B65C800D7FABC /* PBXTargetDependency */,
			);
			name = "mvt-iosTests";
			productName = "mvt-iosTests";
			productReference = 78CE39571A4B65C800D7FABC /* mvt-iosTests.xctest */;
			productType = "com.apple.product-type.bundle.unit-test";
		};
/* End PBXNativeTarget section */

/* Begin PBXProject section */
		78CE39371A4B65C800D7FABC /* Project object */ = {
			isa = PBXProject;
			attributes = {
				LastUpgradeCheck = 0610;
				ORGANIZATIONNAME = "Igor de Oliveira Sa";
				TargetAttributes = {
					78CE393E1A4B65C800D7FABC = {
						CreatedOnToolsVersion = 6.1.1;
					};
					78CE39561A4B65C800D7FABC = {
						CreatedOnToolsVersion = 6.1.1;
						TestTargetID = 78CE393E1A4B65C800D7FABC;
					};
				};
			};
			buildConfigurationList = 78CE393A1A4B65C800D7FABC /* Build configuration list for PBXProject "mvt-ios" */;
			compatibilityVersion = "Xcode 3.2";
			developmentRegion = English;
			hasScannedForEncodings = 0;
			knownRegions = (
				en,
				Base,
			);
			mainGroup = 78CE39361A4B65C800D7FABC;
			productRefGroup = 78CE39401A4B65C800D7FABC /* Products */;
			projectDirPath = "";
			projectRoot = "";
			targets = (
				78CE393E1A4B65C800D7FABC /* mvt-ios */,
				78CE39561A4B65C800D7FABC /* mvt-iosTests */,
			);
		};
/* End PBXProject section */

/* Begin PBXResourcesBuildPhase section */
		78CE393D1A4B65C800D7FABC /* Resources */ = {
			isa = PBXResourcesBuildPhase;
			buildActionMask = 2147483647;
			files = (
				78CE394D1A4B65C800D7FABC /* Main.storyboard in Resources */,
				78CE39521A4B65C800D7FABC /* LaunchScreen.xib in Resources */,
				78CE394F1A4B65C800D7FABC /* Images.xcassets in Resources */,
			);
			runOnlyForDeploymentPostprocessing = 0;
		};
		78CE39551A4B65C800D7FABC /* Resources */ = {
			isa = PBXResourcesBuildPhase;
			buildActionMask = 2147483647;
			files = (
			);
			runOnlyForDeploymentPostprocessing = 0;
		};
/* End PBXResourcesBuildPhase section */

/* Begin PBXSourcesBuildPhase section */
		78CE393B1A4B65C800D7FABC /* Sources */ = {
			isa = PBXSourcesBuildPhase;
			buildActionMask = 2147483647;
			files = (
				78CE394A1A4B65C800D7FABC /* ViewController.swift in Sources */,
				78CE39451A4B65C800D7FABC /* AppDelegate.swift in Sources */,
				78CE39481A4B65C800D7FABC /* mvt_ios.xcdatamodeld in Sources */,
			);
			runOnlyForDeploymentPostprocessing = 0;
		};
		78CE39531A4B65C800D7FABC /* Sources */ = {
			isa = PBXSourcesBuildPhase;
			buildActionMask = 2147483647;
			files = (
				78CE395E1A4B65C800D7FABC /* mvt_iosTests.swift in Sources */,
			);
			runOnlyForDeploymentPostprocessing = 0;
		};
/* End PBXSourcesBuildPhase section */

/* Begin PBXTargetDependency section */
		78CE39591A4B65C800D7FABC /* PBXTargetDependency */ = {
			isa = PBXTargetDependency;
			target = 78CE393E1A4B65C800D7FABC /* mvt-ios */;
			targetProxy = 78CE39581A4B65C800D7FABC /* PBXContainerItemProxy */;
		};
/* End PBXTargetDependency section */

/* Begin PBXVariantGroup section */
		78CE394B1A4B65C800D7FABC /* Main.storyboard */ = {
			isa = PBXVariantGroup;
			children = (
				78CE394C1A4B65C800D7FABC /* Base */,
			);
			name = Main.storyboard;
			sourceTree = "<group>";
		};
		78CE39501A4B65C800D7FABC /* LaunchScreen.xib */ = {
			isa = PBXVariantGroup;
			children = (
				78CE39511A4B65C800D7FABC /* Base */,
			);
			name = LaunchScreen.xib;
			sourceTree = "<group>";
		};
/* End PBXVariantGroup section */

/* Begin XCBuildConfiguration section */
		78CE395F1A4B65C800D7FABC /* Debug */ = {
			isa = XCBuildConfiguration;
			buildSettings = {
				ALWAYS_SEARCH_USER_PATHS = NO;
				CLANG_CXX_LANGUAGE_STANDARD = "gnu++0x";
				CLANG_CXX_LIBRARY = "libc++";
				CLANG_ENABLE_MODULES = YES;
				CLANG_ENABLE_OBJC_ARC = YES;
				CLANG_WARN_BOOL_CONVERSION = YES;
				CLANG_WARN_CONSTANT_CONVERSION = YES;
				CLANG_WARN_DIRECT_OBJC_ISA_USAGE = YES_ERROR;
				CLANG_WARN_EMPTY_BODY = YES;
				CLANG_WARN_ENUM_CONVERSION = YES;
				CLANG_WARN_INT_CONVERSION = YES;
				CLANG_WARN_OBJC_ROOT_CLASS = YES_ERROR;
				CLANG_WARN_UNREACHABLE_CODE = YES;
				CLANG_WARN__DUPLICATE_METHOD_MATCH = YES;
				"CODE_SIGN_IDENTITY[sdk=iphoneos*]" = "iPhone Developer";
				COPY_PHASE_STRIP = NO;
				ENABLE_STRICT_OBJC_MSGSEND = YES;
				GCC_C_LANGUAGE_STANDARD = gnu99;
				GCC_DYNAMIC_NO_PIC = NO;
				GCC_OPTIMIZATION_LEVEL = 0;
				GCC_PREPROCESSOR_DEFINITIONS = (
					"DEBUG=1",
					"$(inherited)",
				);
				GCC_SYMBOLS_PRIVATE_EXTERN = NO;
				GCC_WARN_64_TO_32_BIT_CONVERSION = YES;
				GCC_WARN_ABOUT_RETURN_TYPE = YES_ERROR;
				GCC_WARN_UNDECLARED_SELECTOR = YES;
				GCC_WARN_UNINITIALIZED_AUTOS = YES_AGGRESSIVE;
				GCC_WARN_UNUSED_FUNCTION = YES;
				GCC_WARN_UNUSED_VARIABLE = YES;
				IPHONEOS_DEPLOYMENT_TARGET = 8.1;
				MTL_ENABLE_DEBUG_INFO = YES;
				ONLY_ACTIVE_ARCH = YES;
				SDKROOT = iphoneos;
				SWIFT_OPTIMIZATION_LEVEL = "-Onone";
				TARGETED_DEVICE_FAMILY = "1,2";
			};
			name = Debug;
		};
		78CE39601A4B65C800D7FABC /* Release */ = {
			isa = XCBuildConfiguration;
			buildSettings = {
				ALWAYS_SEARCH_USER_PATHS = NO;
				CLANG_CXX_LANGUAGE_STANDARD = "gnu++0x";
				CLANG_CXX_LIBRARY = "libc++";
				CLANG_ENABLE_MODULES = YES;
				CLANG_ENABLE_OBJC_ARC = YES;
				CLANG_WARN_BOOL_CONVERSION = YES;
				CLANG_WARN_CONSTANT_CONVERSION = YES;
				CLANG_WARN_DIRECT_OBJC_ISA_USAGE = YES_ERROR;
				CLANG_WARN_EMPTY_BODY = YES;
				CLANG_WARN_ENUM_CONVERSION = YES;
				CLANG_WARN_INT_CONVERSION = YES;
				CLANG_WARN_OBJC_ROOT_CLASS = YES_ERROR;
				CLANG_WARN_UNREACHABLE_CODE = YES;
				CLANG_WARN__DUPLICATE_METHOD_MATCH = YES;
				"CODE_SIGN_IDENTITY[sdk=iphoneos*]" = "iPhone Developer";
				COPY_PHASE_STRIP = YES;
				ENABLE_NS_ASSERTIONS = NO;
				ENABLE_STRICT_OBJC_MSGSEND = YES;
				GCC_C_LANGUAGE_STANDARD = gnu99;
				GCC_WARN_64_TO_32_BIT_CONVERSION = YES;
				GCC_WARN_ABOUT_RETURN_TYPE = YES_ERROR;
				GCC_WARN_UNDECLARED_SELECTOR = YES;
				GCC_WARN_UNINITIALIZED_AUTOS = YES_AGGRESSIVE;
				GCC_WARN_UNUSED_FUNCTION = YES;
				GCC_WARN_UNUSED_VARIABLE = YES;
				IPHONEOS_DEPLOYMENT_TARGET = 8.1;
				MTL_ENABLE_DEBUG_INFO = NO;
				SDKROOT = iphoneos;
				TARGETED_DEVICE_FAMILY = "1,2";
				VALIDATE_PRODUCT = YES;
			};
			name = Release;
		};
		78CE39621A4B65C800D7FABC /* Debug */ = {
			isa = XCBuildConfiguration;
			buildSettings = {
				ASSETCATALOG_COMPILER_APPICON_NAME = AppIcon;
				FRAMEWORK_SEARCH_PATHS = (
					"$(inherited)",
					/Users/igor/Documents/FacebookSDK,
					/Documents/FacebookSDK,
				);
				INFOPLIST_FILE = "mvt-ios/Info.plist";
				LD_RUNPATH_SEARCH_PATHS = "$(inherited) @executable_path/Frameworks";
				PRODUCT_NAME = "$(TARGET_NAME)";
				SWIFT_OBJC_BRIDGING_HEADER = "mvt-ios/Bridge-Header.h";
			};
			name = Debug;
		};
		78CE39631A4B65C800D7FABC /* Release */ = {
			isa = XCBuildConfiguration;
			buildSettings = {
				ASSETCATALOG_COMPILER_APPICON_NAME = AppIcon;
				FRAMEWORK_SEARCH_PATHS = (
					"$(inherited)",
					/Users/igor/Documents/FacebookSDK,
					/Documents/FacebookSDK,
				);
				INFOPLIST_FILE = "mvt-ios/Info.plist";
				LD_RUNPATH_SEARCH_PATHS = "$(inherited) @executable_path/Frameworks";
				PRODUCT_NAME = "$(TARGET_NAME)";
				SWIFT_OBJC_BRIDGING_HEADER = "mvt-ios/Bridge-Header.h";
			};
			name = Release;
		};
		78CE39651A4B65C800D7FABC /* Debug */ = {
			isa = XCBuildConfiguration;
			buildSettings = {
				BUNDLE_LOADER = "$(TEST_HOST)";
				FRAMEWORK_SEARCH_PATHS = (
					"$(SDKROOT)/Developer/Library/Frameworks",
					"$(inherited)",
					/Documents/FacebookSDK,
				);
				GCC_PREPROCESSOR_DEFINITIONS = (
					"DEBUG=1",
					"$(inherited)",
				);
				INFOPLIST_FILE = "mvt-iosTests/Info.plist";
				LD_RUNPATH_SEARCH_PATHS = "$(inherited) @executable_path/Frameworks @loader_path/Frameworks";
				PRODUCT_NAME = "$(TARGET_NAME)";
				TEST_HOST = "$(BUILT_PRODUCTS_DIR)/mvt-ios.app/mvt-ios";
			};
			name = Debug;
		};
		78CE39661A4B65C800D7FABC /* Release */ = {
			isa = XCBuildConfiguration;
			buildSettings = {
				BUNDLE_LOADER = "$(TEST_HOST)";
				FRAMEWORK_SEARCH_PATHS = (
					"$(SDKROOT)/Developer/Library/Frameworks",
					"$(inherited)",
					/Documents/FacebookSDK,
				);
				INFOPLIST_FILE = "mvt-iosTests/Info.plist";
				LD_RUNPATH_SEARCH_PATHS = "$(inherited) @executable_path/Frameworks @loader_path/Frameworks";
				PRODUCT_NAME = "$(TARGET_NAME)";
				TEST_HOST = "$(BUILT_PRODUCTS_DIR)/mvt-ios.app/mvt-ios";
			};
			name = Release;
		};
/* End XCBuildConfiguration section */

/* Begin XCConfigurationList section */
		78CE393A1A4B65C800D7FABC /* Build configuration list for PBXProject "mvt-ios" */ = {
			isa = XCConfigurationList;
			buildConfigurations = (
				78CE395F1A4B65C800D7FABC /* Debug */,
				78CE39601A4B65C800D7FABC /* Release */,
			);
			defaultConfigurationIsVisible = 0;
			defaultConfigurationName = Release;
		};
		78CE39611A4B65C800D7FABC /* Build configuration list for PBXNativeTarget "mvt-ios" */ = {
			isa = XCConfigurationList;
			buildConfigurations = (
				78CE39621A4B65C800D7FABC /* Debug */,
				78CE39631A4B65C800D7FABC /* Release */,
			);
			defaultConfigurationIsVisible = 0;
			defaultConfigurationName = Release;
		};
		78CE39641A4B65C800D7FABC /* Build configuration list for PBXNativeTarget "mvt-iosTests" */ = {
			isa = XCConfigurationList;
			buildConfigurations = (
				78CE39651A4B65C800D7FABC /* Debug */,
				78CE39661A4B65C800D7FABC /* Release */,
			);
			defaultConfigurationIsVisible = 0;
			defaultConfigurationName = Release;
		};
/* End XCConfigurationList section */

/* Begin XCVersionGroup section */
		78CE39461A4B65C800D7FABC /* mvt_ios.xcdatamodeld */ = {
			isa = XCVersionGroup;
			children = (
				78CE39471A4B65C800D7FABC /* mvt_ios.xcdatamodel */,
			);
			currentVersion = 78CE39471A4B65C800D7FABC /* mvt_ios.xcdatamodel */;
			path = mvt_ios.xcdatamodeld;
			sourceTree = "<group>";
			versionGroupType = wrapper.xcdatamodel;
		};
/* End XCVersionGroup section */
	};
	rootObject = 78CE39371A4B65C800D7FABC /* Project object */;
}
